
Microsoft Visual Studio Solution File, Format Version 12.00
# Visual Studio Version 17
VisualStudioVersion = 17.12.35506.116
MinimumVisualStudioVersion = 10.0.40219.1
Project("{FAE04EC0-301F-11D3-BF4B-00C04F79EFBC}") = "Farm_Management.Businness", "Farm_Management.Businness\Farm_Management.Businness.csproj", "{F431AFC2-15DB-435B-A702-1D7B24CA8D55}"
EndProject
Project("{FAE04EC0-301F-11D3-BF4B-00C04F79EFBC}") = "Farm_Management.DataAccess", "Farm_Management.DataAccess\Farm_Management.DataAccess.csproj", "{A1874AC8-4940-444A-AF17-DE2812FCF64A}"
EndProject
Project("{FAE04EC0-301F-11D3-BF4B-00C04F79EFBC}") = "Farm_Management.EntityLayer", "Farm_Management.EntityLayer\Farm_Management.EntityLayer.csproj", "{5D56A18A-B093-4314-A6E0-8D49395B8155}"
EndProject
Project("{FAE04EC0-301F-11D3-BF4B-00C04F79EFBC}") = "Farm_Management.UI", "Farm_Management.UI\Farm_Management.UI.csproj", "{282A24A5-5DC9-4536-87A3-3C2F1D3C08F2}"
EndProject
Global
	GlobalSection(SolutionConfigurationPlatforms) = preSolution
		Debug|Any CPU = Debug|Any CPU
		Release|Any CPU = Release|Any CPU
	EndGlobalSection
	GlobalSection(ProjectConfigurationPlatforms) = postSolution
		{F431AFC2-15DB-435B-A702-1D7B24CA8D55}.Debug|Any CPU.ActiveCfg = Debug|Any CPU
		{F431AFC2-15DB-435B-A702-1D7B24CA8D55}.Debug|Any CPU.Build.0 = Debug|Any CPU
		{F431AFC2-15DB-435B-A702-1D7B24CA8D55}.Release|Any CPU.ActiveCfg = Release|Any CPU
		{F431AFC2-15DB-435B-A702-1D7B24CA8D55}.Release|Any CPU.Build.0 = Release|Any CPU
		{A1874AC8-4940-444A-AF17-DE2812FCF64A}.Debug|Any CPU.ActiveCfg = Debug|Any CPU
		{A1874AC8-4940-444A-AF17-DE2812FCF64A}.Debug|Any CPU.Build.0 = Debug|Any CPU
		{A1874AC8-4940-444A-AF17-DE2812FCF64A}.Release|Any CPU.ActiveCfg = Release|Any CPU
		{A1874AC8-4940-444A-AF17-DE2812FCF64A}.Release|Any CPU.Build.0 = Release|Any CPU
		{5D56A18A-B093-4314-A6E0-8D49395B8155}.Debug|Any CPU.ActiveCfg = Debug|Any CPU
		{5D56A18A-B093-4314-A6E0-8D49395B8155}.Debug|Any CPU.Build.0 = Debug|Any CPU
		{5D56A18A-B093-4314-A6E0-8D49395B8155}.Release|Any CPU.ActiveCfg = Release|Any CPU
		{5D56A18A-B093-4314-A6E0-8D49395B8155}.Release|Any CPU.Build.0 = Release|Any CPU
		{282A24A5-5DC9-4536-87A3-3C2F1D3C08F2}.Debug|Any CPU.ActiveCfg = Debug|Any CPU
		{282A24A5-5DC9-4536-87A3-3C2F1D3C08F2}.Debug|Any CPU.Build.0 = Debug|Any CPU
		{282A24A5-5DC9-4536-87A3-3C2F1D3C08F2}.Release|Any CPU.ActiveCfg = Release|Any CPU
		{282A24A5-5DC9-4536-87A3-3C2F1D3C08F2}.Release|Any CPU.Build.0 = Release|Any CPU
	EndGlobalSection
	GlobalSection(SolutionProperties) = preSolution
		HideSolutionNode = FALSE
	EndGlobalSection
	GlobalSection(ExtensibilityGlobals) = postSolution
		SolutionGuid = {8B8E5286-8004-4C97-8E3B-418A75EC63EC}
	EndGlobalSection
EndGlobal
